
Microsoft Visual Studio Solution File, Format Version 10.00
# Visual Studio 2008
Project("{FAE04EC0-301F-11D3-BF4B-00C04F79EFBC}") = "DemoDropOut", "DemoDropOut\DemoDropOut.csproj", "{5203FEDF-B240-4A03-9610-96E553D9F512}"
EndProject
Project("{FAE04EC0-301F-11D3-BF4B-00C04F79EFBC}") = "Vux.Neuro", "Vux.Neuro\Vux.Neuro.csproj", "{8C69201A-6FC2-4AE6-8E8E-D13FF33DB4F8}"
EndProject
Global
	GlobalSection(SolutionConfigurationPlatforms) = preSolution
		Debug|Any CPU = Debug|Any CPU
		Release|Any CPU = Release|Any CPU
	EndGlobalSection
	GlobalSection(ProjectConfigurationPlatforms) = postSolution
		{5203FEDF-B240-4A03-9610-96E553D9F512}.Debug|Any CPU.ActiveCfg = Debug|Any CPU
		{5203FEDF-B240-4A03-9610-96E553D9F512}.Debug|Any CPU.Build.0 = Debug|Any CPU
		{5203FEDF-B240-4A03-9610-96E553D9F512}.Release|Any CPU.ActiveCfg = Release|Any CPU
		{5203FEDF-B240-4A03-9610-96E553D9F512}.Release|Any CPU.Build.0 = Release|Any CPU
		{8C69201A-6FC2-4AE6-8E8E-D13FF33DB4F8}.Debug|Any CPU.ActiveCfg = Debug|Any CPU
		{8C69201A-6FC2-4AE6-8E8E-D13FF33DB4F8}.Debug|Any CPU.Build.0 = Debug|Any CPU
		{8C69201A-6FC2-4AE6-8E8E-D13FF33DB4F8}.Release|Any CPU.ActiveCfg = Release|Any CPU
		{8C69201A-6FC2-4AE6-8E8E-D13FF33DB4F8}.Release|Any CPU.Build.0 = Release|Any CPU
	EndGlobalSection
	GlobalSection(SolutionProperties) = preSolution
		HideSolutionNode = FALSE
	EndGlobalSection
EndGlobal
